
Microsoft Visual Studio Solution File, Format Version 12.00
# Visual Studio Version 17
VisualStudioVersion = 17.9.34902.65
MinimumVisualStudioVersion = 10.0.40219.1
Project("{9A19103F-16F7-4668-BE54-9A1E7A4F7556}") = "Tech_Test_Backend", "Tech_Test_Backend.csproj", "{9DF40508-FF7E-4FC2-BBC7-868AE514A833}"
EndProject
Project("{FAE04EC0-301F-11D3-BF4B-00C04F79EFBC}") = "BackendUnitTests", "..\BackendUnitTests\BackendUnitTests.csproj", "{B56D770F-E4B4-4320-9790-7EDA00FC45A3}"
EndProject
Global
	GlobalSection(SolutionConfigurationPlatforms) = preSolution
		Debug|Any CPU = Debug|Any CPU
		Release|Any CPU = Release|Any CPU
	EndGlobalSection
	GlobalSection(ProjectConfigurationPlatforms) = postSolution
		{9DF40508-FF7E-4FC2-BBC7-868AE514A833}.Debug|Any CPU.ActiveCfg = Debug|Any CPU
		{9DF40508-FF7E-4FC2-BBC7-868AE514A833}.Debug|Any CPU.Build.0 = Debug|Any CPU
		{9DF40508-FF7E-4FC2-BBC7-868AE514A833}.Release|Any CPU.ActiveCfg = Release|Any CPU
		{9DF40508-FF7E-4FC2-BBC7-868AE514A833}.Release|Any CPU.Build.0 = Release|Any CPU
		{B56D770F-E4B4-4320-9790-7EDA00FC45A3}.Debug|Any CPU.ActiveCfg = Debug|Any CPU
		{B56D770F-E4B4-4320-9790-7EDA00FC45A3}.Debug|Any CPU.Build.0 = Debug|Any CPU
		{B56D770F-E4B4-4320-9790-7EDA00FC45A3}.Release|Any CPU.ActiveCfg = Release|Any CPU
		{B56D770F-E4B4-4320-9790-7EDA00FC45A3}.Release|Any CPU.Build.0 = Release|Any CPU
	EndGlobalSection
	GlobalSection(SolutionProperties) = preSolution
		HideSolutionNode = FALSE
	EndGlobalSection
	GlobalSection(ExtensibilityGlobals) = postSolution
		SolutionGuid = {61D6C7E7-7527-4F8F-B525-289E0C5A2539}
	EndGlobalSection
EndGlobal
